
Microsoft Visual Studio Solution File, Format Version 12.00
# Visual Studio 2012
Project("{FAE04EC0-301F-11D3-BF4B-00C04F79EFBC}") = "GameServer", "ConsoleApplication1\GameServer.csproj", "{95DC2B2C-3176-4981-B473-7582384FF09F}"
EndProject
Global
	GlobalSection(SolutionConfigurationPlatforms) = preSolution
		Debug|Any CPU = Debug|Any CPU
		Release|Any CPU = Release|Any CPU
	EndGlobalSection
	GlobalSection(ProjectConfigurationPlatforms) = postSolution
		{95DC2B2C-3176-4981-B473-7582384FF09F}.Debug|Any CPU.ActiveCfg = Debug|Any CPU
		{95DC2B2C-3176-4981-B473-7582384FF09F}.Debug|Any CPU.Build.0 = Debug|Any CPU
		{95DC2B2C-3176-4981-B473-7582384FF09F}.Release|Any CPU.ActiveCfg = Release|Any CPU
		{95DC2B2C-3176-4981-B473-7582384FF09F}.Release|Any CPU.Build.0 = Release|Any CPU
	EndGlobalSection
	GlobalSection(SolutionProperties) = preSolution
		HideSolutionNode = FALSE
	EndGlobalSection
EndGlobal
